Microsoft Visual Studio Solution File, Format Version 12.00
# Visual Studio 15
VisualStudioVersion = 15.0.26124.0
MinimumVisualStudioVersion = 15.0.26124.0
Project("{9A19103F-16F7-4668-BE54-9A1E7A4F7556}") = "Jmcop.Api", "Jmcop.Api\Jmcop.Api.csproj", "{B618DA08-33DD-4721-9C8C-12BD26932FD2}"
EndProject
Project("{9A19103F-16F7-4668-BE54-9A1E7A4F7556}") = "Jmcop.Repository", "Jmcop.Repository\Jmcop.Repository.csproj", "{53D66D53-6A3D-4663-A450-44BC8246242A}"
EndProject
Project("{9A19103F-16F7-4668-BE54-9A1E7A4F7556}") = "Jmcop.Models", "Jmcop.Models\Jmcop.Models.csproj", "{F4139E55-0DEA-4955-8B2A-60115D8990FF}"
EndProject
Project("{9A19103F-16F7-4668-BE54-9A1E7A4F7556}") = "Jmcop.IRepository", "Jmcop.IRepository\Jmcop.IRepository.csproj", "{3D40574D-2487-4A32-9D5A-A3CCCFB68C21}"
EndProject
Global
	GlobalSection(SolutionConfigurationPlatforms) = preSolution
		Debug|Any CPU = Debug|Any CPU
		Debug|x64 = Debug|x64
		Debug|x86 = Debug|x86
		Release|Any CPU = Release|Any CPU
		Release|x64 = Release|x64
		Release|x86 = Release|x86
	EndGlobalSection
	GlobalSection(ProjectConfigurationPlatforms) = postSolution
		{B618DA08-33DD-4721-9C8C-12BD26932FD2}.Debug|Any CPU.ActiveCfg = Debug|Any CPU
		{B618DA08-33DD-4721-9C8C-12BD26932FD2}.Debug|Any CPU.Build.0 = Debug|Any CPU
		{B618DA08-33DD-4721-9C8C-12BD26932FD2}.Debug|x64.ActiveCfg = Debug|Any CPU
		{B618DA08-33DD-4721-9C8C-12BD26932FD2}.Debug|x64.Build.0 = Debug|Any CPU
		{B618DA08-33DD-4721-9C8C-12BD26932FD2}.Debug|x86.ActiveCfg = Debug|Any CPU
		{B618DA08-33DD-4721-9C8C-12BD26932FD2}.Debug|x86.Build.0 = Debug|Any CPU
		{B618DA08-33DD-4721-9C8C-12BD26932FD2}.Release|Any CPU.ActiveCfg = Release|Any CPU
		{B618DA08-33DD-4721-9C8C-12BD26932FD2}.Release|Any CPU.Build.0 = Release|Any CPU
		{B618DA08-33DD-4721-9C8C-12BD26932FD2}.Release|x64.ActiveCfg = Release|Any CPU
		{B618DA08-33DD-4721-9C8C-12BD26932FD2}.Release|x64.Build.0 = Release|Any CPU
		{B618DA08-33DD-4721-9C8C-12BD26932FD2}.Release|x86.ActiveCfg = Release|Any CPU
		{B618DA08-33DD-4721-9C8C-12BD26932FD2}.Release|x86.Build.0 = Release|Any CPU
		{53D66D53-6A3D-4663-A450-44BC8246242A}.Debug|Any CPU.ActiveCfg = Debug|Any CPU
		{53D66D53-6A3D-4663-A450-44BC8246242A}.Debug|Any CPU.Build.0 = Debug|Any CPU
		{53D66D53-6A3D-4663-A450-44BC8246242A}.Debug|x64.ActiveCfg = Debug|Any CPU
		{53D66D53-6A3D-4663-A450-44BC8246242A}.Debug|x64.Build.0 = Debug|Any CPU
		{53D66D53-6A3D-4663-A450-44BC8246242A}.Debug|x86.ActiveCfg = Debug|Any CPU
		{53D66D53-6A3D-4663-A450-44BC8246242A}.Debug|x86.Build.0 = Debug|Any CPU
		{53D66D53-6A3D-4663-A450-44BC8246242A}.Release|Any CPU.ActiveCfg = Release|Any CPU
		{53D66D53-6A3D-4663-A450-44BC8246242A}.Release|Any CPU.Build.0 = Release|Any CPU
		{53D66D53-6A3D-4663-A450-44BC8246242A}.Release|x64.ActiveCfg = Release|Any CPU
		{53D66D53-6A3D-4663-A450-44BC8246242A}.Release|x64.Build.0 = Release|Any CPU
		{53D66D53-6A3D-4663-A450-44BC8246242A}.Release|x86.ActiveCfg = Release|Any CPU
		{53D66D53-6A3D-4663-A450-44BC8246242A}.Release|x86.Build.0 = Release|Any CPU
		{F4139E55-0DEA-4955-8B2A-60115D8990FF}.Debug|Any CPU.ActiveCfg = Debug|Any CPU
		{F4139E55-0DEA-4955-8B2A-60115D8990FF}.Debug|Any CPU.Build.0 = Debug|Any CPU
		{F4139E55-0DEA-4955-8B2A-60115D8990FF}.Debug|x64.ActiveCfg = Debug|Any CPU
		{F4139E55-0DEA-4955-8B2A-60115D8990FF}.Debug|x64.Build.0 = Debug|Any CPU
		{F4139E55-0DEA-4955-8B2A-60115D8990FF}.Debug|x86.ActiveCfg = Debug|Any CPU
		{F4139E55-0DEA-4955-8B2A-60115D8990FF}.Debug|x86.Build.0 = Debug|Any CPU
		{F4139E55-0DEA-4955-8B2A-60115D8990FF}.Release|Any CPU.ActiveCfg = Release|Any CPU
		{F4139E55-0DEA-4955-8B2A-60115D8990FF}.Release|Any CPU.Build.0 = Release|Any CPU
		{F4139E55-0DEA-4955-8B2A-60115D8990FF}.Release|x64.ActiveCfg = Release|Any CPU
		{F4139E55-0DEA-4955-8B2A-60115D8990FF}.Release|x64.Build.0 = Release|Any CPU
		{F4139E55-0DEA-4955-8B2A-60115D8990FF}.Release|x86.ActiveCfg = Release|Any CPU
		{F4139E55-0DEA-4955-8B2A-60115D8990FF}.Release|x86.Build.0 = Release|Any CPU
		{3D40574D-2487-4A32-9D5A-A3CCCFB68C21}.Debug|Any CPU.ActiveCfg = Debug|Any CPU
		{3D40574D-2487-4A32-9D5A-A3CCCFB68C21}.Debug|Any CPU.Build.0 = Debug|Any CPU
		{3D40574D-2487-4A32-9D5A-A3CCCFB68C21}.Debug|x64.ActiveCfg = Debug|Any CPU
		{3D40574D-2487-4A32-9D5A-A3CCCFB68C21}.Debug|x64.Build.0 = Debug|Any CPU
		{3D40574D-2487-4A32-9D5A-A3CCCFB68C21}.Debug|x86.ActiveCfg = Debug|Any CPU
		{3D40574D-2487-4A32-9D5A-A3CCCFB68C21}.Debug|x86.Build.0 = Debug|Any CPU
		{3D40574D-2487-4A32-9D5A-A3CCCFB68C21}.Release|Any CPU.ActiveCfg = Release|Any CPU
		{3D40574D-2487-4A32-9D5A-A3CCCFB68C21}.Release|Any CPU.Build.0 = Release|Any CPU
		{3D40574D-2487-4A32-9D5A-A3CCCFB68C21}.Release|x64.ActiveCfg = Release|Any CPU
		{3D40574D-2487-4A32-9D5A-A3CCCFB68C21}.Release|x64.Build.0 = Release|Any CPU
		{3D40574D-2487-4A32-9D5A-A3CCCFB68C21}.Release|x86.ActiveCfg = Release|Any CPU
		{3D40574D-2487-4A32-9D5A-A3CCCFB68C21}.Release|x86.Build.0 = Release|Any CPU
	EndGlobalSection
	GlobalSection(SolutionProperties) = preSolution
		HideSolutionNode = FALSE
	EndGlobalSection
	GlobalSection(ExtensibilityGlobals) = postSolution
		SolutionGuid = {B09F89B4-3A28-4788-B674-60560CCD83CE}
	EndGlobalSection
EndGlobal
